
Microsoft Visual Studio Solution File, Format Version 12.00
# Visual Studio Version 17
VisualStudioVersion = 17.0.31903.59
MinimumVisualStudioVersion = 10.0.40219.1
Project("{2150E333-8FDC-42A3-9474-1A3956D46DE8}") = "src", "src", "{827E0CD3-B72D-47B6-A68D-7590B98EB39B}"
EndProject
Project("{2150E333-8FDC-42A3-9474-1A3956D46DE8}") = "Domain", "Domain", "{8B290487-4C16-E85E-E807-F579CBE9FC4D}"
EndProject
Project("{FAE04EC0-301F-11D3-BF4B-00C04F79EFBC}") = "RetroConfigurator.Domain", "src\Domain\RetroConfigurator.Domain.csproj", "{E7F172B8-6E8D-48D9-B0F8-F5794B23DA28}"
EndProject
Project("{2150E333-8FDC-42A3-9474-1A3956D46DE8}") = "Application", "Application", "{22BAF98C-8415-17C4-B26A-D537657BC863}"
EndProject
Project("{FAE04EC0-301F-11D3-BF4B-00C04F79EFBC}") = "RetroConfigurator.Application", "src\Application\RetroConfigurator.Application.csproj", "{FF368305-1989-4197-81F2-29DD1CC4C1EF}"
EndProject
Project("{2150E333-8FDC-42A3-9474-1A3956D46DE8}") = "Infrastructure", "Infrastructure", "{9048EB7F-3875-A59E-E36B-5BD4C6F2A282}"
EndProject
Project("{FAE04EC0-301F-11D3-BF4B-00C04F79EFBC}") = "RetroConfigurator.Infrastructure", "src\Infrastructure\RetroConfigurator.Infrastructure.csproj", "{1A7F6473-BA68-48F3-8328-9A3D75609524}"
EndProject
Project("{2150E333-8FDC-42A3-9474-1A3956D46DE8}") = "API", "API", "{81034408-37C8-1011-444E-4C15C2FADA8E}"
EndProject
Project("{FAE04EC0-301F-11D3-BF4B-00C04F79EFBC}") = "RetroConfigurator.API", "src\API\RetroConfigurator.API.csproj", "{67A14114-2EF3-4E7A-9317-F4397CB89F1A}"
EndProject
Global
	GlobalSection(SolutionConfigurationPlatforms) = preSolution
		Debug|Any CPU = Debug|Any CPU
		Debug|x64 = Debug|x64
		Debug|x86 = Debug|x86
		Release|Any CPU = Release|Any CPU
		Release|x64 = Release|x64
		Release|x86 = Release|x86
	EndGlobalSection
	GlobalSection(ProjectConfigurationPlatforms) = postSolution
		{E7F172B8-6E8D-48D9-B0F8-F5794B23DA28}.Debug|Any CPU.ActiveCfg = Debug|Any CPU
		{E7F172B8-6E8D-48D9-B0F8-F5794B23DA28}.Debug|Any CPU.Build.0 = Debug|Any CPU
		{E7F172B8-6E8D-48D9-B0F8-F5794B23DA28}.Debug|x64.ActiveCfg = Debug|Any CPU
		{E7F172B8-6E8D-48D9-B0F8-F5794B23DA28}.Debug|x64.Build.0 = Debug|Any CPU
		{E7F172B8-6E8D-48D9-B0F8-F5794B23DA28}.Debug|x86.ActiveCfg = Debug|Any CPU
		{E7F172B8-6E8D-48D9-B0F8-F5794B23DA28}.Debug|x86.Build.0 = Debug|Any CPU
		{E7F172B8-6E8D-48D9-B0F8-F5794B23DA28}.Release|Any CPU.ActiveCfg = Release|Any CPU
		{E7F172B8-6E8D-48D9-B0F8-F5794B23DA28}.Release|Any CPU.Build.0 = Release|Any CPU
		{E7F172B8-6E8D-48D9-B0F8-F5794B23DA28}.Release|x64.ActiveCfg = Release|Any CPU
		{E7F172B8-6E8D-48D9-B0F8-F5794B23DA28}.Release|x64.Build.0 = Release|Any CPU
		{E7F172B8-6E8D-48D9-B0F8-F5794B23DA28}.Release|x86.ActiveCfg = Release|Any CPU
		{E7F172B8-6E8D-48D9-B0F8-F5794B23DA28}.Release|x86.Build.0 = Release|Any CPU
		{FF368305-1989-4197-81F2-29DD1CC4C1EF}.Debug|Any CPU.ActiveCfg = Debug|Any CPU
		{FF368305-1989-4197-81F2-29DD1CC4C1EF}.Debug|Any CPU.Build.0 = Debug|Any CPU
		{FF368305-1989-4197-81F2-29DD1CC4C1EF}.Debug|x64.ActiveCfg = Debug|Any CPU
		{FF368305-1989-4197-81F2-29DD1CC4C1EF}.Debug|x64.Build.0 = Debug|Any CPU
		{FF368305-1989-4197-81F2-29DD1CC4C1EF}.Debug|x86.ActiveCfg = Debug|Any CPU
		{FF368305-1989-4197-81F2-29DD1CC4C1EF}.Debug|x86.Build.0 = Debug|Any CPU
		{FF368305-1989-4197-81F2-29DD1CC4C1EF}.Release|Any CPU.ActiveCfg = Release|Any CPU
		{FF368305-1989-4197-81F2-29DD1CC4C1EF}.Release|Any CPU.Build.0 = Release|Any CPU
		{FF368305-1989-4197-81F2-29DD1CC4C1EF}.Release|x64.ActiveCfg = Release|Any CPU
		{FF368305-1989-4197-81F2-29DD1CC4C1EF}.Release|x64.Build.0 = Release|Any CPU
		{FF368305-1989-4197-81F2-29DD1CC4C1EF}.Release|x86.ActiveCfg = Release|Any CPU
		{FF368305-1989-4197-81F2-29DD1CC4C1EF}.Release|x86.Build.0 = Release|Any CPU
		{1A7F6473-BA68-48F3-8328-9A3D75609524}.Debug|Any CPU.ActiveCfg = Debug|Any CPU
		{1A7F6473-BA68-48F3-8328-9A3D75609524}.Debug|Any CPU.Build.0 = Debug|Any CPU
		{1A7F6473-BA68-48F3-8328-9A3D75609524}.Debug|x64.ActiveCfg = Debug|Any CPU
		{1A7F6473-BA68-48F3-8328-9A3D75609524}.Debug|x64.Build.0 = Debug|Any CPU
		{1A7F6473-BA68-48F3-8328-9A3D75609524}.Debug|x86.ActiveCfg = Debug|Any CPU
		{1A7F6473-BA68-48F3-8328-9A3D75609524}.Debug|x86.Build.0 = Debug|Any CPU
		{1A7F6473-BA68-48F3-8328-9A3D75609524}.Release|Any CPU.ActiveCfg = Release|Any CPU
		{1A7F6473-BA68-48F3-8328-9A3D75609524}.Release|Any CPU.Build.0 = Release|Any CPU
		{1A7F6473-BA68-48F3-8328-9A3D75609524}.Release|x64.ActiveCfg = Release|Any CPU
		{1A7F6473-BA68-48F3-8328-9A3D75609524}.Release|x64.Build.0 = Release|Any CPU
		{1A7F6473-BA68-48F3-8328-9A3D75609524}.Release|x86.ActiveCfg = Release|Any CPU
		{1A7F6473-BA68-48F3-8328-9A3D75609524}.Release|x86.Build.0 = Release|Any CPU
		{67A14114-2EF3-4E7A-9317-F4397CB89F1A}.Debug|Any CPU.ActiveCfg = Debug|Any CPU
		{67A14114-2EF3-4E7A-9317-F4397CB89F1A}.Debug|Any CPU.Build.0 = Debug|Any CPU
		{67A14114-2EF3-4E7A-9317-F4397CB89F1A}.Debug|x64.ActiveCfg = Debug|Any CPU
		{67A14114-2EF3-4E7A-9317-F4397CB89F1A}.Debug|x64.Build.0 = Debug|Any CPU
		{67A14114-2EF3-4E7A-9317-F4397CB89F1A}.Debug|x86.ActiveCfg = Debug|Any CPU
		{67A14114-2EF3-4E7A-9317-F4397CB89F1A}.Debug|x86.Build.0 = Debug|Any CPU
		{67A14114-2EF3-4E7A-9317-F4397CB89F1A}.Release|Any CPU.ActiveCfg = Release|Any CPU
		{67A14114-2EF3-4E7A-9317-F4397CB89F1A}.Release|Any CPU.Build.0 = Release|Any CPU
		{67A14114-2EF3-4E7A-9317-F4397CB89F1A}.Release|x64.ActiveCfg = Release|Any CPU
		{67A14114-2EF3-4E7A-9317-F4397CB89F1A}.Release|x64.Build.0 = Release|Any CPU
		{67A14114-2EF3-4E7A-9317-F4397CB89F1A}.Release|x86.ActiveCfg = Release|Any CPU
		{67A14114-2EF3-4E7A-9317-F4397CB89F1A}.Release|x86.Build.0 = Release|Any CPU
	EndGlobalSection
	GlobalSection(SolutionProperties) = preSolution
		HideSolutionNode = FALSE
	EndGlobalSection
	GlobalSection(NestedProjects) = preSolution
		{8B290487-4C16-E85E-E807-F579CBE9FC4D} = {827E0CD3-B72D-47B6-A68D-7590B98EB39B}
		{E7F172B8-6E8D-48D9-B0F8-F5794B23DA28} = {8B290487-4C16-E85E-E807-F579CBE9FC4D}
		{22BAF98C-8415-17C4-B26A-D537657BC863} = {827E0CD3-B72D-47B6-A68D-7590B98EB39B}
		{FF368305-1989-4197-81F2-29DD1CC4C1EF} = {22BAF98C-8415-17C4-B26A-D537657BC863}
		{9048EB7F-3875-A59E-E36B-5BD4C6F2A282} = {827E0CD3-B72D-47B6-A68D-7590B98EB39B}
		{1A7F6473-BA68-48F3-8328-9A3D75609524} = {9048EB7F-3875-A59E-E36B-5BD4C6F2A282}
		{81034408-37C8-1011-444E-4C15C2FADA8E} = {827E0CD3-B72D-47B6-A68D-7590B98EB39B}
		{67A14114-2EF3-4E7A-9317-F4397CB89F1A} = {81034408-37C8-1011-444E-4C15C2FADA8E}
	EndGlobalSection
EndGlobal
